
Microsoft Visual Studio Solution File, Format Version 11.00
# Visual Studio 2010
Project("{FAE04EC0-301F-11D3-BF4B-00C04F79EFBC}") = "ReportGenerator", "ReportGenerator\ReportGenerator.csproj", "{BBAB3027-1966-446C-B84D-8C16880450D3}"
	ProjectSection(ProjectDependencies) = postProject
		{5BCC1040-3C3E-415A-A5CA-8CAD3A9B3353} = {5BCC1040-3C3E-415A-A5CA-8CAD3A9B3353}
	EndProjectSection
EndProject
Project("{FAE04EC0-301F-11D3-BF4B-00C04F79EFBC}") = "ReportGeneratorLibrary", "ReportGeneratorLibrary\ReportGeneratorLibrary.csproj", "{5BCC1040-3C3E-415A-A5CA-8CAD3A9B3353}"
EndProject
Global
	GlobalSection(SolutionConfigurationPlatforms) = preSolution
		Debug|Any CPU = Debug|Any CPU
		Debug|Mixed Platforms = Debug|Mixed Platforms
		Debug|x86 = Debug|x86
		Release|Any CPU = Release|Any CPU
		Release|Mixed Platforms = Release|Mixed Platforms
		Release|x86 = Release|x86
	EndGlobalSection
	GlobalSection(ProjectConfigurationPlatforms) = postSolution
		{BBAB3027-1966-446C-B84D-8C16880450D3}.Debug|Any CPU.ActiveCfg = Debug|x86
		{BBAB3027-1966-446C-B84D-8C16880450D3}.Debug|Mixed Platforms.ActiveCfg = Debug|x86
		{BBAB3027-1966-446C-B84D-8C16880450D3}.Debug|Mixed Platforms.Build.0 = Debug|x86
		{BBAB3027-1966-446C-B84D-8C16880450D3}.Debug|x86.ActiveCfg = Debug|x86
		{BBAB3027-1966-446C-B84D-8C16880450D3}.Debug|x86.Build.0 = Debug|x86
		{BBAB3027-1966-446C-B84D-8C16880450D3}.Release|Any CPU.ActiveCfg = Release|x86
		{BBAB3027-1966-446C-B84D-8C16880450D3}.Release|Mixed Platforms.ActiveCfg = Release|x86
		{BBAB3027-1966-446C-B84D-8C16880450D3}.Release|Mixed Platforms.Build.0 = Release|x86
		{BBAB3027-1966-446C-B84D-8C16880450D3}.Release|x86.ActiveCfg = Release|x86
		{BBAB3027-1966-446C-B84D-8C16880450D3}.Release|x86.Build.0 = Release|x86
		{5BCC1040-3C3E-415A-A5CA-8CAD3A9B3353}.Debug|Any CPU.ActiveCfg = Debug|Any CPU
		{5BCC1040-3C3E-415A-A5CA-8CAD3A9B3353}.Debug|Any CPU.Build.0 = Debug|Any CPU
		{5BCC1040-3C3E-415A-A5CA-8CAD3A9B3353}.Debug|Mixed Platforms.ActiveCfg = Debug|Any CPU
		{5BCC1040-3C3E-415A-A5CA-8CAD3A9B3353}.Debug|Mixed Platforms.Build.0 = Debug|Any CPU
		{5BCC1040-3C3E-415A-A5CA-8CAD3A9B3353}.Debug|x86.ActiveCfg = Debug|Any CPU
		{5BCC1040-3C3E-415A-A5CA-8CAD3A9B3353}.Release|Any CPU.ActiveCfg = Release|Any CPU
		{5BCC1040-3C3E-415A-A5CA-8CAD3A9B3353}.Release|Any CPU.Build.0 = Release|Any CPU
		{5BCC1040-3C3E-415A-A5CA-8CAD3A9B3353}.Release|Mixed Platforms.ActiveCfg = Release|Any CPU
		{5BCC1040-3C3E-415A-A5CA-8CAD3A9B3353}.Release|Mixed Platforms.Build.0 = Release|Any CPU
		{5BCC1040-3C3E-415A-A5CA-8CAD3A9B3353}.Release|x86.ActiveCfg = Release|Any CPU
	EndGlobalSection
	GlobalSection(SolutionProperties) = preSolution
		HideSolutionNode = FALSE
	EndGlobalSection
EndGlobal
